
Microsoft Visual Studio Solution File, Format Version 12.00
# Visual Studio Version 17
VisualStudioVersion = 17.5.33414.496
MinimumVisualStudioVersion = 10.0.40219.1
Project("{FAE04EC0-301F-11D3-BF4B-00C04F79EFBC}") = "AgendaTelefonica", "AgendaTelefonica\AgendaTelefonica.csproj", "{9AA30221-BB16-4681-9EA6-6193CF34423D}"
EndProject
Global
	GlobalSection(SolutionConfigurationPlatforms) = preSolution
		Debug|Any CPU = Debug|Any CPU
		Release|Any CPU = Release|Any CPU
	EndGlobalSection
	GlobalSection(ProjectConfigurationPlatforms) = postSolution
		{9AA30221-BB16-4681-9EA6-6193CF34423D}.Debug|Any CPU.ActiveCfg = Debug|Any CPU
		{9AA30221-BB16-4681-9EA6-6193CF34423D}.Debug|Any CPU.Build.0 = Debug|Any CPU
		{9AA30221-BB16-4681-9EA6-6193CF34423D}.Release|Any CPU.ActiveCfg = Release|Any CPU
		{9AA30221-BB16-4681-9EA6-6193CF34423D}.Release|Any CPU.Build.0 = Release|Any CPU
	EndGlobalSection
	GlobalSection(SolutionProperties) = preSolution
		HideSolutionNode = FALSE
	EndGlobalSection
	GlobalSection(ExtensibilityGlobals) = postSolution
		SolutionGuid = {FD139EC9-53DA-4C6E-AC1D-3CB45F758C08}
	EndGlobalSection
EndGlobal
